
Microsoft Visual Studio Solution File, Format Version 12.00
# Visual Studio Version 17
VisualStudioVersion = 17.14.36518.9
MinimumVisualStudioVersion = 10.0.40219.1
Project("{FAE04EC0-301F-11D3-BF4B-00C04F79EFBC}") = "OutdoorRentals.Web", "OutdoorRentals.Web\OutdoorRentals.Web.csproj", "{2BFACFA6-8DED-B43D-7EEA-6533252009F0}"
EndProject
Project("{FAE04EC0-301F-11D3-BF4B-00C04F79EFBC}") = "OutdoorRentals.Mobile", "OutdoorRentals.Mobile\OutdoorRentals.Mobile.csproj", "{C3F4E7EA-1AEB-2B30-A908-7B8751E9DA1D}"
EndProject
Global
	GlobalSection(SolutionConfigurationPlatforms) = preSolution
		Debug|Any CPU = Debug|Any CPU
		Release|Any CPU = Release|Any CPU
	EndGlobalSection
	GlobalSection(ProjectConfigurationPlatforms) = postSolution
		{2BFACFA6-8DED-B43D-7EEA-6533252009F0}.Debug|Any CPU.ActiveCfg = Debug|Any CPU
		{2BFACFA6-8DED-B43D-7EEA-6533252009F0}.Debug|Any CPU.Build.0 = Debug|Any CPU
		{2BFACFA6-8DED-B43D-7EEA-6533252009F0}.Release|Any CPU.ActiveCfg = Release|Any CPU
		{2BFACFA6-8DED-B43D-7EEA-6533252009F0}.Release|Any CPU.Build.0 = Release|Any CPU
		{C3F4E7EA-1AEB-2B30-A908-7B8751E9DA1D}.Debug|Any CPU.ActiveCfg = Debug|Any CPU
		{C3F4E7EA-1AEB-2B30-A908-7B8751E9DA1D}.Debug|Any CPU.Build.0 = Debug|Any CPU
		{C3F4E7EA-1AEB-2B30-A908-7B8751E9DA1D}.Debug|Any CPU.Deploy.0 = Debug|Any CPU
		{C3F4E7EA-1AEB-2B30-A908-7B8751E9DA1D}.Release|Any CPU.ActiveCfg = Release|Any CPU
		{C3F4E7EA-1AEB-2B30-A908-7B8751E9DA1D}.Release|Any CPU.Build.0 = Release|Any CPU
		{C3F4E7EA-1AEB-2B30-A908-7B8751E9DA1D}.Release|Any CPU.Deploy.0 = Release|Any CPU
	EndGlobalSection
	GlobalSection(SolutionProperties) = preSolution
		HideSolutionNode = FALSE
	EndGlobalSection
	GlobalSection(ExtensibilityGlobals) = postSolution
		SolutionGuid = {909B914E-E575-4AC5-B893-5C250A202A9E}
	EndGlobalSection
EndGlobal
